dependencies:
- name: common
  repository: file://../../common
  version: 1.0.0
- name: auth-server
  repository: file://../../components/auth-server
  version: 1.0.0
- name: product
  repository: file://../../components/card-api
  version: 1.0.0
- name: recommendation
  repository: file://../../components/merchant-api
  version: 1.0.0
- name: review
  repository: file://../../components/payment-api
  version: 1.0.0
digest: sha256:8dd93f6d2b76b6c916bb84f11777efb8882128b53bef59b86abfab742ebc9dd8
generated: "2022-10-06T11:54:11.123653+03:00"
