dependencies:
- name: common
  repository: file://../../common
  version: 1.0.0
- name: config-server
  repository: file://../../components/config-server
  version: 1.0.0
- name: gateway
  repository: file://../../components/gateway
  version: 1.0.0
- name: auth-server
  repository: file://../../components/auth-server
  version: 1.0.0
- name: card-api
  repository: file://../../components/card-api
  version: 1.0.0
- name: merchant-api
  repository: file://../../components/merchant-api
  version: 1.0.0
- name: payment-api
  repository: file://../../components/payment-api
  version: 1.0.0
digest: sha256:d4fccdb09c25ed9c8c17662ffe550262aa2a1c392319a0020289b3c1c9592309
generated: "2022-10-05T11:38:45.593754+03:00"
