dependencies:
- name: common
  repository: file://../../common
  version: 1.0.0
- name: auth-server
  repository: file://../../components/auth-server
  version: 1.0.0
- name: card-api
  repository: file://../../components/card-api
  version: 1.0.0
- name: merchant-api
  repository: file://../../components/merchant-api
  version: 1.0.0
- name: payment-api
  repository: file://../../components/payment-api
  version: 1.0.0
digest: sha256:a8be46e07acffe963983865001b10e90f112e4a316425a49d6d24e2fac832df3
generated: "2022-10-06T10:01:33.256191+03:00"
